{
  "meteor": {},
  "dependencies": {
    "basePackages": {
      "npm": {
        "version": "0.2.6"
      },
      "bootstrap-3": {
        "version": "3.1.0-1"
      },
      "simple-schema": {
        "version": "0.2.40"
      },
      "collection2": {
        "version": "0.3.8"
      },
      "autoform": {
        "version": "0.4.18"
      }
    },
    "packages": {
      "npm": {
        "git": "https://github.com/arunoda/meteor-npm.git",
        "tag": "v0.2.6",
        "commit": "177ab6118de5bf8cffb19481343d5762ff7a2aaf"
      },
      "bootstrap-3": {
        "git": "https://github.com/mangasocial/meteor-bootstrap-3.git",
        "tag": "v3.1.0-1",
        "commit": "329dccb08bfc18c635676dea600ac9953162cda9"
      },
      "simple-schema": {
        "git": "https://github.com/aldeed/meteor-simple-schema.git",
        "tag": "v0.2.40",
        "commit": "d22892daa943e3567916effeaafd794ca6af5cd2"
      },
      "collection2": {
        "git": "https://github.com/aldeed/meteor-collection2.git",
        "tag": "v0.3.8",
        "commit": "69aff2a21ba3c382f915e1f9dbcca2ad38edb6d5"
      },
      "autoform": {
        "git": "https://github.com/aldeed/meteor-autoform.git",
        "tag": "v0.4.18",
        "commit": "991efc809b959e77d94796f47ca6c5b1e5c2c6e2"
      },
      "moment": {
        "git": "https://github.com/acreeger/meteor-moment.git",
        "tag": "v2.5.1",
        "commit": "8c9bc5d3fc96705057737cb9743d555417f6e551"
      }
    }
  }
}
